
Microsoft Visual Studio Solution File, Format Version 12.00
# Visual Studio 15
VisualStudioVersion = 15.0.25807.0
MinimumVisualStudioVersion = 10.0.40219.1
Project("{FAE04EC0-301F-11D3-BF4B-00C04F79EFBC}") = "WpfCalculator", "WpfCalculator\WpfCalculator.csproj", "{EDBE21A4-2EA0-4F94-A47A-6F2ED5282175}"
EndProject
Project("{FAE04EC0-301F-11D3-BF4B-00C04F79EFBC}") = "WcfCalculatorService", "..\WcfCalculatorService\WcfCalculatorService.csproj", "{FD15E61C-2658-487C-869F-19384010D176}"
EndProject
Global
	GlobalSection(SolutionConfigurationPlatforms) = preSolution
		Debug|Any CPU = Debug|Any CPU
		Release|Any CPU = Release|Any CPU
	EndGlobalSection
	GlobalSection(ProjectConfigurationPlatforms) = postSolution
		{EDBE21A4-2EA0-4F94-A47A-6F2ED5282175}.Debug|Any CPU.ActiveCfg = Debug|Any CPU
		{EDBE21A4-2EA0-4F94-A47A-6F2ED5282175}.Debug|Any CPU.Build.0 = Debug|Any CPU
		{EDBE21A4-2EA0-4F94-A47A-6F2ED5282175}.Release|Any CPU.ActiveCfg = Release|Any CPU
		{EDBE21A4-2EA0-4F94-A47A-6F2ED5282175}.Release|Any CPU.Build.0 = Release|Any CPU
		{FD15E61C-2658-487C-869F-19384010D176}.Debug|Any CPU.ActiveCfg = Debug|Any CPU
		{FD15E61C-2658-487C-869F-19384010D176}.Debug|Any CPU.Build.0 = Debug|Any CPU
		{FD15E61C-2658-487C-869F-19384010D176}.Release|Any CPU.ActiveCfg = Release|Any CPU
		{FD15E61C-2658-487C-869F-19384010D176}.Release|Any CPU.Build.0 = Release|Any CPU
	EndGlobalSection
	GlobalSection(SolutionProperties) = preSolution
		HideSolutionNode = FALSE
	EndGlobalSection
EndGlobal
